
Microsoft Visual Studio Solution File, Format Version 12.00
# Visual Studio 15
VisualStudioVersion = 15.0.28010.2048
MinimumVisualStudioVersion = 10.0.40219.1
Project("{FAE04EC0-301F-11D3-BF4B-00C04F79EFBC}") = "MasGlobalApp.Api", "MasGlobalApp.Api\MasGlobalApp.Api.csproj", "{3E8491FD-8FCD-48A6-95D1-31A346C9A94D}"
EndProject
Project("{FAE04EC0-301F-11D3-BF4B-00C04F79EFBC}") = "MasGlobalApp.Web", "MasGlobalApp.Web\MasGlobalApp.Web.csproj", "{088AE639-82C0-4A8B-BA29-3BFD42B42DA5}"
EndProject
Project("{FAE04EC0-301F-11D3-BF4B-00C04F79EFBC}") = "MassGlobalApp.Test", "MassGlobalApp.Test\MassGlobalApp.Test.csproj", "{5AA47F9C-3B19-4535-B177-2A32B08E2494}"
EndProject
Global
	GlobalSection(SolutionConfigurationPlatforms) = preSolution
		Debug|Any CPU = Debug|Any CPU
		Release|Any CPU = Release|Any CPU
	EndGlobalSection
	GlobalSection(ProjectConfigurationPlatforms) = postSolution
		{3E8491FD-8FCD-48A6-95D1-31A346C9A94D}.Debug|Any CPU.ActiveCfg = Debug|Any CPU
		{3E8491FD-8FCD-48A6-95D1-31A346C9A94D}.Debug|Any CPU.Build.0 = Debug|Any CPU
		{3E8491FD-8FCD-48A6-95D1-31A346C9A94D}.Release|Any CPU.ActiveCfg = Release|Any CPU
		{3E8491FD-8FCD-48A6-95D1-31A346C9A94D}.Release|Any CPU.Build.0 = Release|Any CPU
		{088AE639-82C0-4A8B-BA29-3BFD42B42DA5}.Debug|Any CPU.ActiveCfg = Debug|Any CPU
		{088AE639-82C0-4A8B-BA29-3BFD42B42DA5}.Debug|Any CPU.Build.0 = Debug|Any CPU
		{088AE639-82C0-4A8B-BA29-3BFD42B42DA5}.Release|Any CPU.ActiveCfg = Release|Any CPU
		{088AE639-82C0-4A8B-BA29-3BFD42B42DA5}.Release|Any CPU.Build.0 = Release|Any CPU
		{5AA47F9C-3B19-4535-B177-2A32B08E2494}.Debug|Any CPU.ActiveCfg = Debug|Any CPU
		{5AA47F9C-3B19-4535-B177-2A32B08E2494}.Debug|Any CPU.Build.0 = Debug|Any CPU
		{5AA47F9C-3B19-4535-B177-2A32B08E2494}.Release|Any CPU.ActiveCfg = Release|Any CPU
		{5AA47F9C-3B19-4535-B177-2A32B08E2494}.Release|Any CPU.Build.0 = Release|Any CPU
	EndGlobalSection
	GlobalSection(SolutionProperties) = preSolution
		HideSolutionNode = FALSE
	EndGlobalSection
	GlobalSection(ExtensibilityGlobals) = postSolution
		SolutionGuid = {035A5F79-301D-4029-9128-B3D1195EADE1}
	EndGlobalSection
EndGlobal
